
Microsoft Visual Studio Solution File, Format Version 12.00
# Visual Studio Version 17
VisualStudioVersion = 17.8.34309.116
MinimumVisualStudioVersion = 10.0.40219.1
Project("{FAE04EC0-301F-11D3-BF4B-00C04F79EFBC}") = "Milksong 2", "Milksong 2\Milksong 2.csproj", "{6B12FF1B-C3DA-4426-991B-1659EB5E47C1}"
EndProject
Global
	GlobalSection(SolutionConfigurationPlatforms) = preSolution
		Debug|Any CPU = Debug|Any CPU
		Release|Any CPU = Release|Any CPU
	EndGlobalSection
	GlobalSection(ProjectConfigurationPlatforms) = postSolution
		{6B12FF1B-C3DA-4426-991B-1659EB5E47C1}.Debug|Any CPU.ActiveCfg = Debug|Any CPU
		{6B12FF1B-C3DA-4426-991B-1659EB5E47C1}.Debug|Any CPU.Build.0 = Debug|Any CPU
		{6B12FF1B-C3DA-4426-991B-1659EB5E47C1}.Release|Any CPU.ActiveCfg = Release|Any CPU
		{6B12FF1B-C3DA-4426-991B-1659EB5E47C1}.Release|Any CPU.Build.0 = Release|Any CPU
	EndGlobalSection
	GlobalSection(SolutionProperties) = preSolution
		HideSolutionNode = FALSE
	EndGlobalSection
	GlobalSection(ExtensibilityGlobals) = postSolution
		SolutionGuid = {A1809AB6-0E79-4FD3-BACA-0A6DEFF96CEF}
	EndGlobalSection
EndGlobal
